
Microsoft Visual Studio Solution File, Format Version 12.00
# Visual Studio Version 16
VisualStudioVersion = 16.0.29509.3
MinimumVisualStudioVersion = 10.0.40219.1
Project("{FAE04EC0-301F-11D3-BF4B-00C04F79EFBC}") = "Tic-Tac-Toe", "Tic-Tac-Toe\Tic-Tac-Toe.csproj", "{210AEEAA-28C4-457B-8201-9C8A30C67E1A}"
EndProject
Global
	GlobalSection(SolutionConfigurationPlatforms) = preSolution
		Debug|Any CPU = Debug|Any CPU
		Release|Any CPU = Release|Any CPU
	EndGlobalSection
	GlobalSection(ProjectConfigurationPlatforms) = postSolution
		{210AEEAA-28C4-457B-8201-9C8A30C67E1A}.Debug|Any CPU.ActiveCfg = Debug|Any CPU
		{210AEEAA-28C4-457B-8201-9C8A30C67E1A}.Debug|Any CPU.Build.0 = Debug|Any CPU
		{210AEEAA-28C4-457B-8201-9C8A30C67E1A}.Release|Any CPU.ActiveCfg = Release|Any CPU
		{210AEEAA-28C4-457B-8201-9C8A30C67E1A}.Release|Any CPU.Build.0 = Release|Any CPU
	EndGlobalSection
	GlobalSection(SolutionProperties) = preSolution
		HideSolutionNode = FALSE
	EndGlobalSection
	GlobalSection(ExtensibilityGlobals) = postSolution
		SolutionGuid = {48FC2101-AEA1-4D4C-BC8D-6A24D331B50A}
	EndGlobalSection
EndGlobal
